
Microsoft Visual Studio Solution File, Format Version 12.00
# Visual Studio Version 16
VisualStudioVersion = 16.0.31005.135
MinimumVisualStudioVersion = 10.0.40219.1
Project("{9A19103F-16F7-4668-BE54-9A1E7A4F7556}") = "routetocode", "routetocode.csproj", "{7D00EF30-761D-437B-BC2E-617D9CF6986A}"
EndProject
Global
	GlobalSection(SolutionConfigurationPlatforms) = preSolution
		Debug|Any CPU = Debug|Any CPU
		Release|Any CPU = Release|Any CPU
	EndGlobalSection
	GlobalSection(ProjectConfigurationPlatforms) = postSolution
		{7D00EF30-761D-437B-BC2E-617D9CF6986A}.Debug|Any CPU.ActiveCfg = Debug|Any CPU
		{7D00EF30-761D-437B-BC2E-617D9CF6986A}.Debug|Any CPU.Build.0 = Debug|Any CPU
		{7D00EF30-761D-437B-BC2E-617D9CF6986A}.Release|Any CPU.ActiveCfg = Release|Any CPU
		{7D00EF30-761D-437B-BC2E-617D9CF6986A}.Release|Any CPU.Build.0 = Release|Any CPU
	EndGlobalSection
	GlobalSection(SolutionProperties) = preSolution
		HideSolutionNode = FALSE
	EndGlobalSection
	GlobalSection(ExtensibilityGlobals) = postSolution
		SolutionGuid = {2BB2FB30-1287-41E4-A0FD-CA8525CABFFF}
	EndGlobalSection
EndGlobal
